
Microsoft Visual Studio Solution File, Format Version 12.00
# Visual Studio 14
VisualStudioVersion = 14.0.25420.1
MinimumVisualStudioVersion = 10.0.40219.1
Project("{2150E333-8FDC-42A3-9474-1A3956D46DE8}") = "src", "src", "{CCA5A8CB-9729-4839-B40D-AD93BAF118EB}"
EndProject
Project("{FAE04EC0-301F-11D3-BF4B-00C04F79EFBC}") = "SeleniumExample.Web.SelfHost", "SeleniumExample.Web.SelfHost\SeleniumExample.Web.SelfHost.csproj", "{AA57ED89-7AB3-4ADC-8DA7-64CA226C83D5}"
EndProject
Project("{2150E333-8FDC-42A3-9474-1A3956D46DE8}") = "tests", "tests", "{0F13DD47-092A-4EA1-8E08-E5198E6CBDF7}"
EndProject
Project("{FAE04EC0-301F-11D3-BF4B-00C04F79EFBC}") = "SeleniumExample.Web.E2ETests", "SeleniumExample.Web.E2ETests\SeleniumExample.Web.E2ETests.csproj", "{2C72DA49-EE8D-4F53-8174-36E26FD3D634}"
EndProject
Global
	GlobalSection(SolutionConfigurationPlatforms) = preSolution
		Debug|Any CPU = Debug|Any CPU
		Release|Any CPU = Release|Any CPU
	EndGlobalSection
	GlobalSection(ProjectConfigurationPlatforms) = postSolution
		{AA57ED89-7AB3-4ADC-8DA7-64CA226C83D5}.Debug|Any CPU.ActiveCfg = Debug|Any CPU
		{AA57ED89-7AB3-4ADC-8DA7-64CA226C83D5}.Debug|Any CPU.Build.0 = Debug|Any CPU
		{AA57ED89-7AB3-4ADC-8DA7-64CA226C83D5}.Release|Any CPU.ActiveCfg = Release|Any CPU
		{AA57ED89-7AB3-4ADC-8DA7-64CA226C83D5}.Release|Any CPU.Build.0 = Release|Any CPU
		{2C72DA49-EE8D-4F53-8174-36E26FD3D634}.Debug|Any CPU.ActiveCfg = Debug|Any CPU
		{2C72DA49-EE8D-4F53-8174-36E26FD3D634}.Debug|Any CPU.Build.0 = Debug|Any CPU
		{2C72DA49-EE8D-4F53-8174-36E26FD3D634}.Release|Any CPU.ActiveCfg = Release|Any CPU
		{2C72DA49-EE8D-4F53-8174-36E26FD3D634}.Release|Any CPU.Build.0 = Release|Any CPU
	EndGlobalSection
	GlobalSection(SolutionProperties) = preSolution
		HideSolutionNode = FALSE
	EndGlobalSection
	GlobalSection(NestedProjects) = preSolution
		{AA57ED89-7AB3-4ADC-8DA7-64CA226C83D5} = {CCA5A8CB-9729-4839-B40D-AD93BAF118EB}
		{2C72DA49-EE8D-4F53-8174-36E26FD3D634} = {0F13DD47-092A-4EA1-8E08-E5198E6CBDF7}
	EndGlobalSection
EndGlobal
